
Microsoft Visual Studio Solution File, Format Version 12.00
# Visual Studio 15
VisualStudioVersion = 15.0.28307.1209
MinimumVisualStudioVersion = 10.0.40219.1
Project("{9A19103F-16F7-4668-BE54-9A1E7A4F7556}") = "Core.UsuallyCommon", "Core.UsuallyCommon\Core.UsuallyCommon.csproj", "{7644F592-A7ED-4648-AAB6-8341E406C014}"
EndProject
Project("{9A19103F-16F7-4668-BE54-9A1E7A4F7556}") = "Core.Repository", "Core.Repository\Core.Repository.csproj", "{6D5BBBA4-D6C2-4321-969B-94F64C3A42DF}"
EndProject
Project("{FAE04EC0-301F-11D3-BF4B-00C04F79EFBC}") = "Core.Windows", "Core.Windows\Core.Windows.csproj", "{6156781D-1B24-4DE7-A7FA-609646B52ED0}"
EndProject
Project("{FAE04EC0-301F-11D3-BF4B-00C04F79EFBC}") = "Core.Console", "Core.Console\Core.Console.csproj", "{074A8290-0D95-47CB-8DE8-C409DC717773}"
EndProject
Project("{FAE04EC0-301F-11D3-BF4B-00C04F79EFBC}") = "Core.Intellisence", "Core.Intellisence\Core.Intellisence.csproj", "{A93DBCDA-D761-484B-B5F4-D1A21BED351E}"
EndProject
Project("{9A19103F-16F7-4668-BE54-9A1E7A4F7556}") = "Core.Services", "Core.Services\Core.Services.csproj", "{BA97889C-A2A6-43F0-B3E4-7CE2C0D21219}"
EndProject
Project("{2150E333-8FDC-42A3-9474-1A3956D46DE8}") = "SystemServices", "SystemServices", "{2168D832-8542-4BF0-81AE-4C3CB3C57D86}"
EndProject
Project("{2150E333-8FDC-42A3-9474-1A3956D46DE8}") = "AppServices", "AppServices", "{029EC601-39AF-4AFE-B4E2-8A8E0AF8ABF3}"
EndProject
Project("{FAE04EC0-301F-11D3-BF4B-00C04F79EFBC}") = "WebAppServices", "WebAppServices\WebAppServices.csproj", "{F7A7E83A-7BCC-4BFB-8618-4B0D2D0346F9}"
EndProject
Project("{2150E333-8FDC-42A3-9474-1A3956D46DE8}") = "DataDictionarie", "DataDictionarie", "{DEAEC6E9-2795-4510-86AB-8C903FF50F7A}"
EndProject
Global
	GlobalSection(SolutionConfigurationPlatforms) = preSolution
		Debug|Any CPU = Debug|Any CPU
		Debug|x64 = Debug|x64
		Debug|x86 = Debug|x86
		Release|Any CPU = Release|Any CPU
		Release|x64 = Release|x64
		Release|x86 = Release|x86
	EndGlobalSection
	GlobalSection(ProjectConfigurationPlatforms) = postSolution
		{7644F592-A7ED-4648-AAB6-8341E406C014}.Debug|Any CPU.ActiveCfg = Debug|Any CPU
		{7644F592-A7ED-4648-AAB6-8341E406C014}.Debug|Any CPU.Build.0 = Debug|Any CPU
		{7644F592-A7ED-4648-AAB6-8341E406C014}.Debug|x64.ActiveCfg = Debug|Any CPU
		{7644F592-A7ED-4648-AAB6-8341E406C014}.Debug|x64.Build.0 = Debug|Any CPU
		{7644F592-A7ED-4648-AAB6-8341E406C014}.Debug|x86.ActiveCfg = Debug|Any CPU
		{7644F592-A7ED-4648-AAB6-8341E406C014}.Debug|x86.Build.0 = Debug|Any CPU
		{7644F592-A7ED-4648-AAB6-8341E406C014}.Release|Any CPU.ActiveCfg = Release|Any CPU
		{7644F592-A7ED-4648-AAB6-8341E406C014}.Release|Any CPU.Build.0 = Release|Any CPU
		{7644F592-A7ED-4648-AAB6-8341E406C014}.Release|x64.ActiveCfg = Release|Any CPU
		{7644F592-A7ED-4648-AAB6-8341E406C014}.Release|x64.Build.0 = Release|Any CPU
		{7644F592-A7ED-4648-AAB6-8341E406C014}.Release|x86.ActiveCfg = Release|Any CPU
		{7644F592-A7ED-4648-AAB6-8341E406C014}.Release|x86.Build.0 = Release|Any CPU
		{6D5BBBA4-D6C2-4321-969B-94F64C3A42DF}.Debug|Any CPU.ActiveCfg = Debug|Any CPU
		{6D5BBBA4-D6C2-4321-969B-94F64C3A42DF}.Debug|Any CPU.Build.0 = Debug|Any CPU
		{6D5BBBA4-D6C2-4321-969B-94F64C3A42DF}.Debug|x64.ActiveCfg = Debug|Any CPU
		{6D5BBBA4-D6C2-4321-969B-94F64C3A42DF}.Debug|x64.Build.0 = Debug|Any CPU
		{6D5BBBA4-D6C2-4321-969B-94F64C3A42DF}.Debug|x86.ActiveCfg = Debug|Any CPU
		{6D5BBBA4-D6C2-4321-969B-94F64C3A42DF}.Debug|x86.Build.0 = Debug|Any CPU
		{6D5BBBA4-D6C2-4321-969B-94F64C3A42DF}.Release|Any CPU.ActiveCfg = Release|Any CPU
		{6D5BBBA4-D6C2-4321-969B-94F64C3A42DF}.Release|Any CPU.Build.0 = Release|Any CPU
		{6D5BBBA4-D6C2-4321-969B-94F64C3A42DF}.Release|x64.ActiveCfg = Release|Any CPU
		{6D5BBBA4-D6C2-4321-969B-94F64C3A42DF}.Release|x64.Build.0 = Release|Any CPU
		{6D5BBBA4-D6C2-4321-969B-94F64C3A42DF}.Release|x86.ActiveCfg = Release|Any CPU
		{6D5BBBA4-D6C2-4321-969B-94F64C3A42DF}.Release|x86.Build.0 = Release|Any CPU
		{6156781D-1B24-4DE7-A7FA-609646B52ED0}.Debug|Any CPU.ActiveCfg = Debug|Any CPU
		{6156781D-1B24-4DE7-A7FA-609646B52ED0}.Debug|Any CPU.Build.0 = Debug|Any CPU
		{6156781D-1B24-4DE7-A7FA-609646B52ED0}.Debug|x64.ActiveCfg = Debug|x64
		{6156781D-1B24-4DE7-A7FA-609646B52ED0}.Debug|x64.Build.0 = Debug|x64
		{6156781D-1B24-4DE7-A7FA-609646B52ED0}.Debug|x86.ActiveCfg = Debug|x86
		{6156781D-1B24-4DE7-A7FA-609646B52ED0}.Debug|x86.Build.0 = Debug|x86
		{6156781D-1B24-4DE7-A7FA-609646B52ED0}.Release|Any CPU.ActiveCfg = Release|Any CPU
		{6156781D-1B24-4DE7-A7FA-609646B52ED0}.Release|Any CPU.Build.0 = Release|Any CPU
		{6156781D-1B24-4DE7-A7FA-609646B52ED0}.Release|x64.ActiveCfg = Release|x64
		{6156781D-1B24-4DE7-A7FA-609646B52ED0}.Release|x64.Build.0 = Release|x64
		{6156781D-1B24-4DE7-A7FA-609646B52ED0}.Release|x86.ActiveCfg = Release|x86
		{6156781D-1B24-4DE7-A7FA-609646B52ED0}.Release|x86.Build.0 = Release|x86
		{074A8290-0D95-47CB-8DE8-C409DC717773}.Debug|Any CPU.ActiveCfg = Debug|Any CPU
		{074A8290-0D95-47CB-8DE8-C409DC717773}.Debug|Any CPU.Build.0 = Debug|Any CPU
		{074A8290-0D95-47CB-8DE8-C409DC717773}.Debug|x64.ActiveCfg = Debug|Any CPU
		{074A8290-0D95-47CB-8DE8-C409DC717773}.Debug|x64.Build.0 = Debug|Any CPU
		{074A8290-0D95-47CB-8DE8-C409DC717773}.Debug|x86.ActiveCfg = Debug|Any CPU
		{074A8290-0D95-47CB-8DE8-C409DC717773}.Debug|x86.Build.0 = Debug|Any CPU
		{074A8290-0D95-47CB-8DE8-C409DC717773}.Release|Any CPU.ActiveCfg = Release|Any CPU
		{074A8290-0D95-47CB-8DE8-C409DC717773}.Release|Any CPU.Build.0 = Release|Any CPU
		{074A8290-0D95-47CB-8DE8-C409DC717773}.Release|x64.ActiveCfg = Release|Any CPU
		{074A8290-0D95-47CB-8DE8-C409DC717773}.Release|x64.Build.0 = Release|Any CPU
		{074A8290-0D95-47CB-8DE8-C409DC717773}.Release|x86.ActiveCfg = Release|Any CPU
		{074A8290-0D95-47CB-8DE8-C409DC717773}.Release|x86.Build.0 = Release|Any CPU
		{A93DBCDA-D761-484B-B5F4-D1A21BED351E}.Debug|Any CPU.ActiveCfg = Debug|Any CPU
		{A93DBCDA-D761-484B-B5F4-D1A21BED351E}.Debug|Any CPU.Build.0 = Debug|Any CPU
		{A93DBCDA-D761-484B-B5F4-D1A21BED351E}.Debug|x64.ActiveCfg = Debug|Any CPU
		{A93DBCDA-D761-484B-B5F4-D1A21BED351E}.Debug|x64.Build.0 = Debug|Any CPU
		{A93DBCDA-D761-484B-B5F4-D1A21BED351E}.Debug|x86.ActiveCfg = Debug|Any CPU
		{A93DBCDA-D761-484B-B5F4-D1A21BED351E}.Debug|x86.Build.0 = Debug|Any CPU
		{A93DBCDA-D761-484B-B5F4-D1A21BED351E}.Release|Any CPU.ActiveCfg = Release|Any CPU
		{A93DBCDA-D761-484B-B5F4-D1A21BED351E}.Release|Any CPU.Build.0 = Release|Any CPU
		{A93DBCDA-D761-484B-B5F4-D1A21BED351E}.Release|x64.ActiveCfg = Release|Any CPU
		{A93DBCDA-D761-484B-B5F4-D1A21BED351E}.Release|x64.Build.0 = Release|Any CPU
		{A93DBCDA-D761-484B-B5F4-D1A21BED351E}.Release|x86.ActiveCfg = Release|Any CPU
		{A93DBCDA-D761-484B-B5F4-D1A21BED351E}.Release|x86.Build.0 = Release|Any CPU
		{BA97889C-A2A6-43F0-B3E4-7CE2C0D21219}.Debug|Any CPU.ActiveCfg = Debug|Any CPU
		{BA97889C-A2A6-43F0-B3E4-7CE2C0D21219}.Debug|Any CPU.Build.0 = Debug|Any CPU
		{BA97889C-A2A6-43F0-B3E4-7CE2C0D21219}.Debug|x64.ActiveCfg = Debug|Any CPU
		{BA97889C-A2A6-43F0-B3E4-7CE2C0D21219}.Debug|x64.Build.0 = Debug|Any CPU
		{BA97889C-A2A6-43F0-B3E4-7CE2C0D21219}.Debug|x86.ActiveCfg = Debug|Any CPU
		{BA97889C-A2A6-43F0-B3E4-7CE2C0D21219}.Debug|x86.Build.0 = Debug|Any CPU
		{BA97889C-A2A6-43F0-B3E4-7CE2C0D21219}.Release|Any CPU.ActiveCfg = Release|Any CPU
		{BA97889C-A2A6-43F0-B3E4-7CE2C0D21219}.Release|Any CPU.Build.0 = Release|Any CPU
		{BA97889C-A2A6-43F0-B3E4-7CE2C0D21219}.Release|x64.ActiveCfg = Release|Any CPU
		{BA97889C-A2A6-43F0-B3E4-7CE2C0D21219}.Release|x64.Build.0 = Release|Any CPU
		{BA97889C-A2A6-43F0-B3E4-7CE2C0D21219}.Release|x86.ActiveCfg = Release|Any CPU
		{BA97889C-A2A6-43F0-B3E4-7CE2C0D21219}.Release|x86.Build.0 = Release|Any CPU
		{F7A7E83A-7BCC-4BFB-8618-4B0D2D0346F9}.Debug|Any CPU.ActiveCfg = Debug|Any CPU
		{F7A7E83A-7BCC-4BFB-8618-4B0D2D0346F9}.Debug|Any CPU.Build.0 = Debug|Any CPU
		{F7A7E83A-7BCC-4BFB-8618-4B0D2D0346F9}.Debug|x64.ActiveCfg = Debug|Any CPU
		{F7A7E83A-7BCC-4BFB-8618-4B0D2D0346F9}.Debug|x64.Build.0 = Debug|Any CPU
		{F7A7E83A-7BCC-4BFB-8618-4B0D2D0346F9}.Debug|x86.ActiveCfg = Debug|Any CPU
		{F7A7E83A-7BCC-4BFB-8618-4B0D2D0346F9}.Debug|x86.Build.0 = Debug|Any CPU
		{F7A7E83A-7BCC-4BFB-8618-4B0D2D0346F9}.Release|Any CPU.ActiveCfg = Release|Any CPU
		{F7A7E83A-7BCC-4BFB-8618-4B0D2D0346F9}.Release|Any CPU.Build.0 = Release|Any CPU
		{F7A7E83A-7BCC-4BFB-8618-4B0D2D0346F9}.Release|x64.ActiveCfg = Release|Any CPU
		{F7A7E83A-7BCC-4BFB-8618-4B0D2D0346F9}.Release|x64.Build.0 = Release|Any CPU
		{F7A7E83A-7BCC-4BFB-8618-4B0D2D0346F9}.Release|x86.ActiveCfg = Release|Any CPU
		{F7A7E83A-7BCC-4BFB-8618-4B0D2D0346F9}.Release|x86.Build.0 = Release|Any CPU
	EndGlobalSection
	GlobalSection(SolutionProperties) = preSolution
		HideSolutionNode = FALSE
	EndGlobalSection
	GlobalSection(NestedProjects) = preSolution
		{7644F592-A7ED-4648-AAB6-8341E406C014} = {2168D832-8542-4BF0-81AE-4C3CB3C57D86}
		{6D5BBBA4-D6C2-4321-969B-94F64C3A42DF} = {2168D832-8542-4BF0-81AE-4C3CB3C57D86}
		{6156781D-1B24-4DE7-A7FA-609646B52ED0} = {029EC601-39AF-4AFE-B4E2-8A8E0AF8ABF3}
		{A93DBCDA-D761-484B-B5F4-D1A21BED351E} = {029EC601-39AF-4AFE-B4E2-8A8E0AF8ABF3}
		{BA97889C-A2A6-43F0-B3E4-7CE2C0D21219} = {2168D832-8542-4BF0-81AE-4C3CB3C57D86}
		{F7A7E83A-7BCC-4BFB-8618-4B0D2D0346F9} = {029EC601-39AF-4AFE-B4E2-8A8E0AF8ABF3}
		{DEAEC6E9-2795-4510-86AB-8C903FF50F7A} = {029EC601-39AF-4AFE-B4E2-8A8E0AF8ABF3}
	EndGlobalSection
	GlobalSection(ExtensibilityGlobals) = postSolution
		SolutionGuid = {A39BF5B4-1654-4212-8ADC-2F494E88442A}
	EndGlobalSection
EndGlobal
